# THIS IS AN AUTOGENERATED FILE. DO NOT EDIT THIS FILE DIRECTLY.
# yarn lockfile v1


"@types/hoist-non-react-statics@*":
  "integrity" "sha512-iMIqiko6ooLrTh1joXodJK5X9xeEALT1kM5G3ZLhD3hszxBdIEd5C75U834D9mLcINgD4OyZf5uQXjkuYydWvA=="
  "resolved" "https://registry.npmjs.org/@types/hoist-non-react-statics/-/hoist-non-react-statics-3.3.1.tgz"
  "version" "3.3.1"
  dependencies:
    "@types/react" "*"
    "hoist-non-react-statics" "^3.3.0"

"@types/prop-types@*":
  "integrity" "sha512-KfRL3PuHmqQLOG+2tGpRO26Ctg+Cq1E01D2DMriKEATHgWLfeNDmq9e29Q9WIky0dQ3NPkd1mzYH8Lm936Z9qw=="
  "resolved" "https://registry.npmjs.org/@types/prop-types/-/prop-types-15.7.3.tgz"
  "version" "15.7.3"

"@types/react@*":
  "integrity" "sha512-w8t9f53B2ei4jeOqf/gxtc2Sswnc3LBK5s0DyJcg5xd10tMHXts2N31cKjWfH9IC/JvEPa/YF1U4YeP1t4R6HQ=="
  "resolved" "https://registry.npmjs.org/@types/react/-/react-17.0.1.tgz"
  "version" "17.0.1"
  dependencies:
    "@types/prop-types" "*"
    "csstype" "^3.0.2"

"@types/styled-components@5.1.7":
  "integrity" "sha512-BJzPhFygYspyefAGFZTZ/8lCEY4Tk+Iqktvnko3xmJf9LrLqs3+grxPeU3O0zLl6yjbYBopD0/VikbHgXDbJtA=="
  "resolved" "https://registry.npmjs.org/@types/styled-components/-/styled-components-5.1.7.tgz"
  "version" "5.1.7"
  dependencies:
    "@types/hoist-non-react-statics" "*"
    "@types/react" "*"
    "csstype" "^3.0.2"

"csstype@^3.0.2":
  "integrity" "sha512-+ZAmfyWMT7TiIlzdqJgjMb7S4f1beorDbWbsocyK4RaiqA5RTX3K14bnBWmmA9QEM0gRdsjyyrEmcyga8Zsxmw=="
  "resolved" "https://registry.npmjs.org/csstype/-/csstype-3.0.6.tgz"
  "version" "3.0.6"

"hoist-non-react-statics@^3.3.0":
  "integrity" "sha512-/gGivxi8JPKWNm/W0jSmzcMPpfpPLc3dY/6GxhX2hQ9iGj3aDfklV4ET7NjKpSinLpJ5vafa9iiGIEZg10SfBw=="
  "resolved" "https://registry.npmjs.org/hoist-non-react-statics/-/hoist-non-react-statics-3.3.2.tgz"
  "version" "3.3.2"
  dependencies:
    "react-is" "^16.7.0"

"react-is@^16.7.0":
  "integrity" "sha512-24e6ynE2H+OKt4kqsOvNd8kBpV65zoxbA4BVsEOB3ARVWQki/DHzaUoC5KuON/BiccDaCCTZBuOcfZs70kR8bQ=="
  "resolved" "https://registry.npmjs.org/react-is/-/react-is-16.13.1.tgz"
  "version" "16.13.1"
